
Microsoft Visual Studio Solution File, Format Version 12.00
# Visual Studio 15
VisualStudioVersion = 15.0.26124.0
MinimumVisualStudioVersion = 15.0.26124.0
Project("{FAE04EC0-301F-11D3-BF4B-00C04F79EFBC}") = "aliyun-net-sdk-core.vs2017", "aliyun-net-sdk-core\aliyun-net-sdk-core.vs2017.csproj", "{163A3868-1556-4374-869A-09F56A5ABE1E}"
EndProject
Project("{FAE04EC0-301F-11D3-BF4B-00C04F79EFBC}") = "aliyun-net-sdk-core-unit-tests", "aliyun-net-sdk-core.Tests\aliyun-net-sdk-core-unit-tests.csproj", "{5E4C70FD-F788-40BD-B313-832E30ED91BF}"
EndProject
Global
	GlobalSection(SolutionConfigurationPlatforms) = preSolution
		Debug|Any CPU = Debug|Any CPU
		Debug|x64 = Debug|x64
		Debug|x86 = Debug|x86
		Release|Any CPU = Release|Any CPU
		Release|x64 = Release|x64
		Release|x86 = Release|x86
	EndGlobalSection
	GlobalSection(SolutionProperties) = preSolution
		HideSolutionNode = FALSE
	EndGlobalSection
	GlobalSection(ProjectConfigurationPlatforms) = postSolution
		{163A3868-1556-4374-869A-09F56A5ABE1E}.Debug|Any CPU.ActiveCfg = Debug|Any CPU
		{163A3868-1556-4374-869A-09F56A5ABE1E}.Debug|Any CPU.Build.0 = Debug|Any CPU
		{163A3868-1556-4374-869A-09F56A5ABE1E}.Debug|x64.ActiveCfg = Debug|Any CPU
		{163A3868-1556-4374-869A-09F56A5ABE1E}.Debug|x64.Build.0 = Debug|Any CPU
		{163A3868-1556-4374-869A-09F56A5ABE1E}.Debug|x86.ActiveCfg = Debug|Any CPU
		{163A3868-1556-4374-869A-09F56A5ABE1E}.Debug|x86.Build.0 = Debug|Any CPU
		{163A3868-1556-4374-869A-09F56A5ABE1E}.Release|Any CPU.ActiveCfg = Release|Any CPU
		{163A3868-1556-4374-869A-09F56A5ABE1E}.Release|Any CPU.Build.0 = Release|Any CPU
		{163A3868-1556-4374-869A-09F56A5ABE1E}.Release|x64.ActiveCfg = Release|Any CPU
		{163A3868-1556-4374-869A-09F56A5ABE1E}.Release|x64.Build.0 = Release|Any CPU
		{163A3868-1556-4374-869A-09F56A5ABE1E}.Release|x86.ActiveCfg = Release|Any CPU
		{163A3868-1556-4374-869A-09F56A5ABE1E}.Release|x86.Build.0 = Release|Any CPU
		{5E4C70FD-F788-40BD-B313-832E30ED91BF}.Debug|Any CPU.ActiveCfg = Debug|Any CPU
		{5E4C70FD-F788-40BD-B313-832E30ED91BF}.Debug|Any CPU.Build.0 = Debug|Any CPU
		{5E4C70FD-F788-40BD-B313-832E30ED91BF}.Debug|x64.ActiveCfg = Debug|Any CPU
		{5E4C70FD-F788-40BD-B313-832E30ED91BF}.Debug|x64.Build.0 = Debug|Any CPU
		{5E4C70FD-F788-40BD-B313-832E30ED91BF}.Debug|x86.ActiveCfg = Debug|Any CPU
		{5E4C70FD-F788-40BD-B313-832E30ED91BF}.Debug|x86.Build.0 = Debug|Any CPU
		{5E4C70FD-F788-40BD-B313-832E30ED91BF}.Release|Any CPU.ActiveCfg = Release|Any CPU
		{5E4C70FD-F788-40BD-B313-832E30ED91BF}.Release|Any CPU.Build.0 = Release|Any CPU
		{5E4C70FD-F788-40BD-B313-832E30ED91BF}.Release|x64.ActiveCfg = Release|Any CPU
		{5E4C70FD-F788-40BD-B313-832E30ED91BF}.Release|x64.Build.0 = Release|Any CPU
		{5E4C70FD-F788-40BD-B313-832E30ED91BF}.Release|x86.ActiveCfg = Release|Any CPU
		{5E4C70FD-F788-40BD-B313-832E30ED91BF}.Release|x86.Build.0 = Release|Any CPU
	EndGlobalSection
EndGlobal
