
Microsoft Visual Studio Solution File, Format Version 12.00
# Visual Studio 15
VisualStudioVersion = 15.0.26206.0
MinimumVisualStudioVersion = 10.0.40219.1
Project("{FAE04EC0-301F-11D3-BF4B-00C04F79EFBC}") = "aliyun-net-sdk-core", "aliyun-net-sdk-core\aliyun-net-sdk-core.csproj", "{042F1CFE-3F70-435F-BFD5-CDC80FAD0A86}"
EndProject
Project("{FAE04EC0-301F-11D3-BF4B-00C04F79EFBC}") = "aliyun-net-sdk-alidns", "aliyun-net-sdk-alidns\aliyun-net-sdk-alidns.csproj", "{AE82451D-DB72-4BCE-A63A-33E78A3874FB}"
EndProject
Project("{FAE04EC0-301F-11D3-BF4B-00C04F79EFBC}") = "aliyun-net-sdk-cdn", "aliyun-net-sdk-cdn\aliyun-net-sdk-cdn.csproj", "{A04CB616-95C1-4883-A438-38CEA99F72A5}"
EndProject
Project("{FAE04EC0-301F-11D3-BF4B-00C04F79EFBC}") = "aliyun-net-sdk-cloudapi", "aliyun-net-sdk-cloudapi\aliyun-net-sdk-cloudapi.csproj", "{F996DAC9-68F8-4006-B739-C3A6545BDA6C}"
EndProject
Project("{FAE04EC0-301F-11D3-BF4B-00C04F79EFBC}") = "aliyun-net-sdk-dm", "aliyun-net-sdk-dm\aliyun-net-sdk-dm.csproj", "{CECBC37A-5C7D-422E-80BC-4D4D572AAAB1}"
EndProject
Project("{9A19103F-16F7-4668-BE54-9A1E7A4F7556}") = "aliyun-net-sdk-domain", "aliyun-net-sdk-domain\aliyun-net-sdk-domain.csproj", "{CA23F4A3-86E4-4AA8-81DA-952C2271159F}"
EndProject
Project("{9A19103F-16F7-4668-BE54-9A1E7A4F7556}") = "aliyun-net-sdk-ecs", "aliyun-net-sdk-ecs\aliyun-net-sdk-ecs.csproj", "{BA8DF7F1-8940-487B-AAF9-17CCFDD10BE5}"
EndProject
Project("{9A19103F-16F7-4668-BE54-9A1E7A4F7556}") = "aliyun-net-sdk-hpc", "aliyun-net-sdk-hpc\aliyun-net-sdk-hpc.csproj", "{A400DB79-0EB4-41BF-96E0-F8DD9E686007}"
EndProject
Project("{9A19103F-16F7-4668-BE54-9A1E7A4F7556}") = "aliyun-net-sdk-iot", "aliyun-net-sdk-iot\aliyun-net-sdk-iot.csproj", "{401204DC-D73F-4C7C-AD89-36CE76E60352}"
EndProject
Project("{9A19103F-16F7-4668-BE54-9A1E7A4F7556}") = "aliyun-net-sdk-kms", "aliyun-net-sdk-kms\aliyun-net-sdk-kms.csproj", "{5D022F74-4579-435B-8E5C-941C10046822}"
EndProject
Project("{9A19103F-16F7-4668-BE54-9A1E7A4F7556}") = "aliyun-net-sdk-live", "aliyun-net-sdk-live\aliyun-net-sdk-live.csproj", "{860D5FCD-F7AC-43F1-B749-6ABBFCE587BF}"
EndProject
Project("{9A19103F-16F7-4668-BE54-9A1E7A4F7556}") = "aliyun-net-sdk-mts", "aliyun-net-sdk-mts\aliyun-net-sdk-mts.csproj", "{2C781060-CAC7-4E73-8DBE-68CBF34D7D8B}"
EndProject
Project("{9A19103F-16F7-4668-BE54-9A1E7A4F7556}") = "aliyun-net-sdk-rds", "aliyun-net-sdk-rds\aliyun-net-sdk-rds.csproj", "{975B38F6-6041-40E9-BFB3-248DC0F6894F}"
EndProject
Project("{9A19103F-16F7-4668-BE54-9A1E7A4F7556}") = "aliyun-net-sdk-slb", "aliyun-net-sdk-slb\aliyun-net-sdk-slb.csproj", "{ADA1F23C-2190-404A-8383-7842C1D14B4E}"
EndProject
Project("{9A19103F-16F7-4668-BE54-9A1E7A4F7556}") = "aliyun-net-sdk-sms", "aliyun-net-sdk-sms\aliyun-net-sdk-sms.csproj", "{BA486E19-A358-4B4C-870F-3774BF0D230D}"
EndProject
Project("{9A19103F-16F7-4668-BE54-9A1E7A4F7556}") = "aliyun-net-sdk-sts", "aliyun-net-sdk-sts\aliyun-net-sdk-sts.csproj", "{8DE0BF42-97E6-42D1-8482-D4DF8CC50310}"
EndProject
Project("{9A19103F-16F7-4668-BE54-9A1E7A4F7556}") = "aliyun-net-sdk-push-openapi-1.0", "aliyun-net-sdk-push-openapi-1.0\aliyun-net-sdk-push-openapi-1.0.csproj", "{2971F9AE-1D96-40C3-948E-8F407FE1C57A}"
EndProject
Project("{9A19103F-16F7-4668-BE54-9A1E7A4F7556}") = "aliyun-net-sdk-push-openapi-2.0", "aliyun-net-sdk-push-openapi-2.0\aliyun-net-sdk-push-openapi-2.0.csproj", "{CFD797F0-0ADA-4F36-8194-DCC05B965457}"
EndProject
Global
	GlobalSection(SolutionConfigurationPlatforms) = preSolution
		Debug|Any CPU = Debug|Any CPU
		Debug|x64 = Debug|x64
		Debug|x86 = Debug|x86
		Release|Any CPU = Release|Any CPU
		Release|x64 = Release|x64
		Release|x86 = Release|x86
	EndGlobalSection
	GlobalSection(ProjectConfigurationPlatforms) = postSolution
		{042F1CFE-3F70-435F-BFD5-CDC80FAD0A86}.Debug|Any CPU.ActiveCfg = Debug|Any CPU
		{042F1CFE-3F70-435F-BFD5-CDC80FAD0A86}.Debug|Any CPU.Build.0 = Debug|Any CPU
		{042F1CFE-3F70-435F-BFD5-CDC80FAD0A86}.Debug|x64.ActiveCfg = Debug|x64
		{042F1CFE-3F70-435F-BFD5-CDC80FAD0A86}.Debug|x64.Build.0 = Debug|x64
		{042F1CFE-3F70-435F-BFD5-CDC80FAD0A86}.Debug|x86.ActiveCfg = Debug|x86
		{042F1CFE-3F70-435F-BFD5-CDC80FAD0A86}.Debug|x86.Build.0 = Debug|x86
		{042F1CFE-3F70-435F-BFD5-CDC80FAD0A86}.Release|Any CPU.ActiveCfg = Release|Any CPU
		{042F1CFE-3F70-435F-BFD5-CDC80FAD0A86}.Release|Any CPU.Build.0 = Release|Any CPU
		{042F1CFE-3F70-435F-BFD5-CDC80FAD0A86}.Release|x64.ActiveCfg = Release|x64
		{042F1CFE-3F70-435F-BFD5-CDC80FAD0A86}.Release|x64.Build.0 = Release|x64
		{042F1CFE-3F70-435F-BFD5-CDC80FAD0A86}.Release|x86.ActiveCfg = Release|x86
		{042F1CFE-3F70-435F-BFD5-CDC80FAD0A86}.Release|x86.Build.0 = Release|x86
		{AE82451D-DB72-4BCE-A63A-33E78A3874FB}.Debug|Any CPU.ActiveCfg = Debug|Any CPU
		{AE82451D-DB72-4BCE-A63A-33E78A3874FB}.Debug|Any CPU.Build.0 = Debug|Any CPU
		{AE82451D-DB72-4BCE-A63A-33E78A3874FB}.Debug|x64.ActiveCfg = Debug|x64
		{AE82451D-DB72-4BCE-A63A-33E78A3874FB}.Debug|x64.Build.0 = Debug|x64
		{AE82451D-DB72-4BCE-A63A-33E78A3874FB}.Debug|x86.ActiveCfg = Debug|x86
		{AE82451D-DB72-4BCE-A63A-33E78A3874FB}.Debug|x86.Build.0 = Debug|x86
		{AE82451D-DB72-4BCE-A63A-33E78A3874FB}.Release|Any CPU.ActiveCfg = Release|Any CPU
		{AE82451D-DB72-4BCE-A63A-33E78A3874FB}.Release|Any CPU.Build.0 = Release|Any CPU
		{AE82451D-DB72-4BCE-A63A-33E78A3874FB}.Release|x64.ActiveCfg = Release|x64
		{AE82451D-DB72-4BCE-A63A-33E78A3874FB}.Release|x64.Build.0 = Release|x64
		{AE82451D-DB72-4BCE-A63A-33E78A3874FB}.Release|x86.ActiveCfg = Release|x86
		{AE82451D-DB72-4BCE-A63A-33E78A3874FB}.Release|x86.Build.0 = Release|x86
		{A04CB616-95C1-4883-A438-38CEA99F72A5}.Debug|Any CPU.ActiveCfg = Debug|Any CPU
		{A04CB616-95C1-4883-A438-38CEA99F72A5}.Debug|Any CPU.Build.0 = Debug|Any CPU
		{A04CB616-95C1-4883-A438-38CEA99F72A5}.Debug|x64.ActiveCfg = Debug|x64
		{A04CB616-95C1-4883-A438-38CEA99F72A5}.Debug|x64.Build.0 = Debug|x64
		{A04CB616-95C1-4883-A438-38CEA99F72A5}.Debug|x86.ActiveCfg = Debug|x86
		{A04CB616-95C1-4883-A438-38CEA99F72A5}.Debug|x86.Build.0 = Debug|x86
		{A04CB616-95C1-4883-A438-38CEA99F72A5}.Release|Any CPU.ActiveCfg = Release|Any CPU
		{A04CB616-95C1-4883-A438-38CEA99F72A5}.Release|Any CPU.Build.0 = Release|Any CPU
		{A04CB616-95C1-4883-A438-38CEA99F72A5}.Release|x64.ActiveCfg = Release|x64
		{A04CB616-95C1-4883-A438-38CEA99F72A5}.Release|x64.Build.0 = Release|x64
		{A04CB616-95C1-4883-A438-38CEA99F72A5}.Release|x86.ActiveCfg = Release|x86
		{A04CB616-95C1-4883-A438-38CEA99F72A5}.Release|x86.Build.0 = Release|x86
		{F996DAC9-68F8-4006-B739-C3A6545BDA6C}.Debug|Any CPU.ActiveCfg = Debug|Any CPU
		{F996DAC9-68F8-4006-B739-C3A6545BDA6C}.Debug|Any CPU.Build.0 = Debug|Any CPU
		{F996DAC9-68F8-4006-B739-C3A6545BDA6C}.Debug|x64.ActiveCfg = Debug|x64
		{F996DAC9-68F8-4006-B739-C3A6545BDA6C}.Debug|x64.Build.0 = Debug|x64
		{F996DAC9-68F8-4006-B739-C3A6545BDA6C}.Debug|x86.ActiveCfg = Debug|x86
		{F996DAC9-68F8-4006-B739-C3A6545BDA6C}.Debug|x86.Build.0 = Debug|x86
		{F996DAC9-68F8-4006-B739-C3A6545BDA6C}.Release|Any CPU.ActiveCfg = Release|Any CPU
		{F996DAC9-68F8-4006-B739-C3A6545BDA6C}.Release|Any CPU.Build.0 = Release|Any CPU
		{F996DAC9-68F8-4006-B739-C3A6545BDA6C}.Release|x64.ActiveCfg = Release|x64
		{F996DAC9-68F8-4006-B739-C3A6545BDA6C}.Release|x64.Build.0 = Release|x64
		{F996DAC9-68F8-4006-B739-C3A6545BDA6C}.Release|x86.ActiveCfg = Release|x86
		{F996DAC9-68F8-4006-B739-C3A6545BDA6C}.Release|x86.Build.0 = Release|x86
		{CECBC37A-5C7D-422E-80BC-4D4D572AAAB1}.Debug|Any CPU.ActiveCfg = Debug|Any CPU
		{CECBC37A-5C7D-422E-80BC-4D4D572AAAB1}.Debug|Any CPU.Build.0 = Debug|Any CPU
		{CECBC37A-5C7D-422E-80BC-4D4D572AAAB1}.Debug|x64.ActiveCfg = Debug|x64
		{CECBC37A-5C7D-422E-80BC-4D4D572AAAB1}.Debug|x64.Build.0 = Debug|x64
		{CECBC37A-5C7D-422E-80BC-4D4D572AAAB1}.Debug|x86.ActiveCfg = Debug|x86
		{CECBC37A-5C7D-422E-80BC-4D4D572AAAB1}.Debug|x86.Build.0 = Debug|x86
		{CECBC37A-5C7D-422E-80BC-4D4D572AAAB1}.Release|Any CPU.ActiveCfg = Release|Any CPU
		{CECBC37A-5C7D-422E-80BC-4D4D572AAAB1}.Release|Any CPU.Build.0 = Release|Any CPU
		{CECBC37A-5C7D-422E-80BC-4D4D572AAAB1}.Release|x64.ActiveCfg = Release|x64
		{CECBC37A-5C7D-422E-80BC-4D4D572AAAB1}.Release|x64.Build.0 = Release|x64
		{CECBC37A-5C7D-422E-80BC-4D4D572AAAB1}.Release|x86.ActiveCfg = Release|x86
		{CECBC37A-5C7D-422E-80BC-4D4D572AAAB1}.Release|x86.Build.0 = Release|x86
		{CA23F4A3-86E4-4AA8-81DA-952C2271159F}.Debug|Any CPU.ActiveCfg = Debug|Any CPU
		{CA23F4A3-86E4-4AA8-81DA-952C2271159F}.Debug|Any CPU.Build.0 = Debug|Any CPU
		{CA23F4A3-86E4-4AA8-81DA-952C2271159F}.Debug|x64.ActiveCfg = Debug|x64
		{CA23F4A3-86E4-4AA8-81DA-952C2271159F}.Debug|x64.Build.0 = Debug|x64
		{CA23F4A3-86E4-4AA8-81DA-952C2271159F}.Debug|x86.ActiveCfg = Debug|x86
		{CA23F4A3-86E4-4AA8-81DA-952C2271159F}.Debug|x86.Build.0 = Debug|x86
		{CA23F4A3-86E4-4AA8-81DA-952C2271159F}.Release|Any CPU.ActiveCfg = Release|Any CPU
		{CA23F4A3-86E4-4AA8-81DA-952C2271159F}.Release|Any CPU.Build.0 = Release|Any CPU
		{CA23F4A3-86E4-4AA8-81DA-952C2271159F}.Release|x64.ActiveCfg = Release|x64
		{CA23F4A3-86E4-4AA8-81DA-952C2271159F}.Release|x64.Build.0 = Release|x64
		{CA23F4A3-86E4-4AA8-81DA-952C2271159F}.Release|x86.ActiveCfg = Release|x86
		{CA23F4A3-86E4-4AA8-81DA-952C2271159F}.Release|x86.Build.0 = Release|x86
		{BA8DF7F1-8940-487B-AAF9-17CCFDD10BE5}.Debug|Any CPU.ActiveCfg = Debug|Any CPU
		{BA8DF7F1-8940-487B-AAF9-17CCFDD10BE5}.Debug|Any CPU.Build.0 = Debug|Any CPU
		{BA8DF7F1-8940-487B-AAF9-17CCFDD10BE5}.Debug|x64.ActiveCfg = Debug|x64
		{BA8DF7F1-8940-487B-AAF9-17CCFDD10BE5}.Debug|x64.Build.0 = Debug|x64
		{BA8DF7F1-8940-487B-AAF9-17CCFDD10BE5}.Debug|x86.ActiveCfg = Debug|x86
		{BA8DF7F1-8940-487B-AAF9-17CCFDD10BE5}.Debug|x86.Build.0 = Debug|x86
		{BA8DF7F1-8940-487B-AAF9-17CCFDD10BE5}.Release|Any CPU.ActiveCfg = Release|Any CPU
		{BA8DF7F1-8940-487B-AAF9-17CCFDD10BE5}.Release|Any CPU.Build.0 = Release|Any CPU
		{BA8DF7F1-8940-487B-AAF9-17CCFDD10BE5}.Release|x64.ActiveCfg = Release|x64
		{BA8DF7F1-8940-487B-AAF9-17CCFDD10BE5}.Release|x64.Build.0 = Release|x64
		{BA8DF7F1-8940-487B-AAF9-17CCFDD10BE5}.Release|x86.ActiveCfg = Release|x86
		{BA8DF7F1-8940-487B-AAF9-17CCFDD10BE5}.Release|x86.Build.0 = Release|x86
		{A400DB79-0EB4-41BF-96E0-F8DD9E686007}.Debug|Any CPU.ActiveCfg = Debug|Any CPU
		{A400DB79-0EB4-41BF-96E0-F8DD9E686007}.Debug|Any CPU.Build.0 = Debug|Any CPU
		{A400DB79-0EB4-41BF-96E0-F8DD9E686007}.Debug|x64.ActiveCfg = Debug|x64
		{A400DB79-0EB4-41BF-96E0-F8DD9E686007}.Debug|x64.Build.0 = Debug|x64
		{A400DB79-0EB4-41BF-96E0-F8DD9E686007}.Debug|x86.ActiveCfg = Debug|x86
		{A400DB79-0EB4-41BF-96E0-F8DD9E686007}.Debug|x86.Build.0 = Debug|x86
		{A400DB79-0EB4-41BF-96E0-F8DD9E686007}.Release|Any CPU.ActiveCfg = Release|Any CPU
		{A400DB79-0EB4-41BF-96E0-F8DD9E686007}.Release|Any CPU.Build.0 = Release|Any CPU
		{A400DB79-0EB4-41BF-96E0-F8DD9E686007}.Release|x64.ActiveCfg = Release|x64
		{A400DB79-0EB4-41BF-96E0-F8DD9E686007}.Release|x64.Build.0 = Release|x64
		{A400DB79-0EB4-41BF-96E0-F8DD9E686007}.Release|x86.ActiveCfg = Release|x86
		{A400DB79-0EB4-41BF-96E0-F8DD9E686007}.Release|x86.Build.0 = Release|x86
		{401204DC-D73F-4C7C-AD89-36CE76E60352}.Debug|Any CPU.ActiveCfg = Debug|Any CPU
		{401204DC-D73F-4C7C-AD89-36CE76E60352}.Debug|Any CPU.Build.0 = Debug|Any CPU
		{401204DC-D73F-4C7C-AD89-36CE76E60352}.Debug|x64.ActiveCfg = Debug|x64
		{401204DC-D73F-4C7C-AD89-36CE76E60352}.Debug|x64.Build.0 = Debug|x64
		{401204DC-D73F-4C7C-AD89-36CE76E60352}.Debug|x86.ActiveCfg = Debug|x86
		{401204DC-D73F-4C7C-AD89-36CE76E60352}.Debug|x86.Build.0 = Debug|x86
		{401204DC-D73F-4C7C-AD89-36CE76E60352}.Release|Any CPU.ActiveCfg = Release|Any CPU
		{401204DC-D73F-4C7C-AD89-36CE76E60352}.Release|Any CPU.Build.0 = Release|Any CPU
		{401204DC-D73F-4C7C-AD89-36CE76E60352}.Release|x64.ActiveCfg = Release|x64
		{401204DC-D73F-4C7C-AD89-36CE76E60352}.Release|x64.Build.0 = Release|x64
		{401204DC-D73F-4C7C-AD89-36CE76E60352}.Release|x86.ActiveCfg = Release|x86
		{401204DC-D73F-4C7C-AD89-36CE76E60352}.Release|x86.Build.0 = Release|x86
		{5D022F74-4579-435B-8E5C-941C10046822}.Debug|Any CPU.ActiveCfg = Debug|Any CPU
		{5D022F74-4579-435B-8E5C-941C10046822}.Debug|Any CPU.Build.0 = Debug|Any CPU
		{5D022F74-4579-435B-8E5C-941C10046822}.Debug|x64.ActiveCfg = Debug|x64
		{5D022F74-4579-435B-8E5C-941C10046822}.Debug|x64.Build.0 = Debug|x64
		{5D022F74-4579-435B-8E5C-941C10046822}.Debug|x86.ActiveCfg = Debug|x86
		{5D022F74-4579-435B-8E5C-941C10046822}.Debug|x86.Build.0 = Debug|x86
		{5D022F74-4579-435B-8E5C-941C10046822}.Release|Any CPU.ActiveCfg = Release|Any CPU
		{5D022F74-4579-435B-8E5C-941C10046822}.Release|Any CPU.Build.0 = Release|Any CPU
		{5D022F74-4579-435B-8E5C-941C10046822}.Release|x64.ActiveCfg = Release|x64
		{5D022F74-4579-435B-8E5C-941C10046822}.Release|x64.Build.0 = Release|x64
		{5D022F74-4579-435B-8E5C-941C10046822}.Release|x86.ActiveCfg = Release|x86
		{5D022F74-4579-435B-8E5C-941C10046822}.Release|x86.Build.0 = Release|x86
		{860D5FCD-F7AC-43F1-B749-6ABBFCE587BF}.Debug|Any CPU.ActiveCfg = Debug|Any CPU
		{860D5FCD-F7AC-43F1-B749-6ABBFCE587BF}.Debug|Any CPU.Build.0 = Debug|Any CPU
		{860D5FCD-F7AC-43F1-B749-6ABBFCE587BF}.Debug|x64.ActiveCfg = Debug|x64
		{860D5FCD-F7AC-43F1-B749-6ABBFCE587BF}.Debug|x64.Build.0 = Debug|x64
		{860D5FCD-F7AC-43F1-B749-6ABBFCE587BF}.Debug|x86.ActiveCfg = Debug|x86
		{860D5FCD-F7AC-43F1-B749-6ABBFCE587BF}.Debug|x86.Build.0 = Debug|x86
		{860D5FCD-F7AC-43F1-B749-6ABBFCE587BF}.Release|Any CPU.ActiveCfg = Release|Any CPU
		{860D5FCD-F7AC-43F1-B749-6ABBFCE587BF}.Release|Any CPU.Build.0 = Release|Any CPU
		{860D5FCD-F7AC-43F1-B749-6ABBFCE587BF}.Release|x64.ActiveCfg = Release|x64
		{860D5FCD-F7AC-43F1-B749-6ABBFCE587BF}.Release|x64.Build.0 = Release|x64
		{860D5FCD-F7AC-43F1-B749-6ABBFCE587BF}.Release|x86.ActiveCfg = Release|x86
		{860D5FCD-F7AC-43F1-B749-6ABBFCE587BF}.Release|x86.Build.0 = Release|x86
		{2C781060-CAC7-4E73-8DBE-68CBF34D7D8B}.Debug|Any CPU.ActiveCfg = Debug|Any CPU
		{2C781060-CAC7-4E73-8DBE-68CBF34D7D8B}.Debug|Any CPU.Build.0 = Debug|Any CPU
		{2C781060-CAC7-4E73-8DBE-68CBF34D7D8B}.Debug|x64.ActiveCfg = Debug|x64
		{2C781060-CAC7-4E73-8DBE-68CBF34D7D8B}.Debug|x64.Build.0 = Debug|x64
		{2C781060-CAC7-4E73-8DBE-68CBF34D7D8B}.Debug|x86.ActiveCfg = Debug|x86
		{2C781060-CAC7-4E73-8DBE-68CBF34D7D8B}.Debug|x86.Build.0 = Debug|x86
		{2C781060-CAC7-4E73-8DBE-68CBF34D7D8B}.Release|Any CPU.ActiveCfg = Release|Any CPU
		{2C781060-CAC7-4E73-8DBE-68CBF34D7D8B}.Release|Any CPU.Build.0 = Release|Any CPU
		{2C781060-CAC7-4E73-8DBE-68CBF34D7D8B}.Release|x64.ActiveCfg = Release|x64
		{2C781060-CAC7-4E73-8DBE-68CBF34D7D8B}.Release|x64.Build.0 = Release|x64
		{2C781060-CAC7-4E73-8DBE-68CBF34D7D8B}.Release|x86.ActiveCfg = Release|x86
		{2C781060-CAC7-4E73-8DBE-68CBF34D7D8B}.Release|x86.Build.0 = Release|x86
		{975B38F6-6041-40E9-BFB3-248DC0F6894F}.Debug|Any CPU.ActiveCfg = Debug|Any CPU
		{975B38F6-6041-40E9-BFB3-248DC0F6894F}.Debug|Any CPU.Build.0 = Debug|Any CPU
		{975B38F6-6041-40E9-BFB3-248DC0F6894F}.Debug|x64.ActiveCfg = Debug|x64
		{975B38F6-6041-40E9-BFB3-248DC0F6894F}.Debug|x64.Build.0 = Debug|x64
		{975B38F6-6041-40E9-BFB3-248DC0F6894F}.Debug|x86.ActiveCfg = Debug|x86
		{975B38F6-6041-40E9-BFB3-248DC0F6894F}.Debug|x86.Build.0 = Debug|x86
		{975B38F6-6041-40E9-BFB3-248DC0F6894F}.Release|Any CPU.ActiveCfg = Release|Any CPU
		{975B38F6-6041-40E9-BFB3-248DC0F6894F}.Release|Any CPU.Build.0 = Release|Any CPU
		{975B38F6-6041-40E9-BFB3-248DC0F6894F}.Release|x64.ActiveCfg = Release|x64
		{975B38F6-6041-40E9-BFB3-248DC0F6894F}.Release|x64.Build.0 = Release|x64
		{975B38F6-6041-40E9-BFB3-248DC0F6894F}.Release|x86.ActiveCfg = Release|x86
		{975B38F6-6041-40E9-BFB3-248DC0F6894F}.Release|x86.Build.0 = Release|x86
		{ADA1F23C-2190-404A-8383-7842C1D14B4E}.Debug|Any CPU.ActiveCfg = Debug|Any CPU
		{ADA1F23C-2190-404A-8383-7842C1D14B4E}.Debug|Any CPU.Build.0 = Debug|Any CPU
		{ADA1F23C-2190-404A-8383-7842C1D14B4E}.Debug|x64.ActiveCfg = Debug|x64
		{ADA1F23C-2190-404A-8383-7842C1D14B4E}.Debug|x64.Build.0 = Debug|x64
		{ADA1F23C-2190-404A-8383-7842C1D14B4E}.Debug|x86.ActiveCfg = Debug|x86
		{ADA1F23C-2190-404A-8383-7842C1D14B4E}.Debug|x86.Build.0 = Debug|x86
		{ADA1F23C-2190-404A-8383-7842C1D14B4E}.Release|Any CPU.ActiveCfg = Release|Any CPU
		{ADA1F23C-2190-404A-8383-7842C1D14B4E}.Release|Any CPU.Build.0 = Release|Any CPU
		{ADA1F23C-2190-404A-8383-7842C1D14B4E}.Release|x64.ActiveCfg = Release|x64
		{ADA1F23C-2190-404A-8383-7842C1D14B4E}.Release|x64.Build.0 = Release|x64
		{ADA1F23C-2190-404A-8383-7842C1D14B4E}.Release|x86.ActiveCfg = Release|x86
		{ADA1F23C-2190-404A-8383-7842C1D14B4E}.Release|x86.Build.0 = Release|x86
		{BA486E19-A358-4B4C-870F-3774BF0D230D}.Debug|Any CPU.ActiveCfg = Debug|Any CPU
		{BA486E19-A358-4B4C-870F-3774BF0D230D}.Debug|Any CPU.Build.0 = Debug|Any CPU
		{BA486E19-A358-4B4C-870F-3774BF0D230D}.Debug|x64.ActiveCfg = Debug|x64
		{BA486E19-A358-4B4C-870F-3774BF0D230D}.Debug|x64.Build.0 = Debug|x64
		{BA486E19-A358-4B4C-870F-3774BF0D230D}.Debug|x86.ActiveCfg = Debug|x86
		{BA486E19-A358-4B4C-870F-3774BF0D230D}.Debug|x86.Build.0 = Debug|x86
		{BA486E19-A358-4B4C-870F-3774BF0D230D}.Release|Any CPU.ActiveCfg = Release|Any CPU
		{BA486E19-A358-4B4C-870F-3774BF0D230D}.Release|Any CPU.Build.0 = Release|Any CPU
		{BA486E19-A358-4B4C-870F-3774BF0D230D}.Release|x64.ActiveCfg = Release|x64
		{BA486E19-A358-4B4C-870F-3774BF0D230D}.Release|x64.Build.0 = Release|x64
		{BA486E19-A358-4B4C-870F-3774BF0D230D}.Release|x86.ActiveCfg = Release|x86
		{BA486E19-A358-4B4C-870F-3774BF0D230D}.Release|x86.Build.0 = Release|x86
		{8DE0BF42-97E6-42D1-8482-D4DF8CC50310}.Debug|Any CPU.ActiveCfg = Debug|Any CPU
		{8DE0BF42-97E6-42D1-8482-D4DF8CC50310}.Debug|Any CPU.Build.0 = Debug|Any CPU
		{8DE0BF42-97E6-42D1-8482-D4DF8CC50310}.Debug|x64.ActiveCfg = Debug|x64
		{8DE0BF42-97E6-42D1-8482-D4DF8CC50310}.Debug|x64.Build.0 = Debug|x64
		{8DE0BF42-97E6-42D1-8482-D4DF8CC50310}.Debug|x86.ActiveCfg = Debug|x86
		{8DE0BF42-97E6-42D1-8482-D4DF8CC50310}.Debug|x86.Build.0 = Debug|x86
		{8DE0BF42-97E6-42D1-8482-D4DF8CC50310}.Release|Any CPU.ActiveCfg = Release|Any CPU
		{8DE0BF42-97E6-42D1-8482-D4DF8CC50310}.Release|Any CPU.Build.0 = Release|Any CPU
		{8DE0BF42-97E6-42D1-8482-D4DF8CC50310}.Release|x64.ActiveCfg = Release|x64
		{8DE0BF42-97E6-42D1-8482-D4DF8CC50310}.Release|x64.Build.0 = Release|x64
		{8DE0BF42-97E6-42D1-8482-D4DF8CC50310}.Release|x86.ActiveCfg = Release|x86
		{8DE0BF42-97E6-42D1-8482-D4DF8CC50310}.Release|x86.Build.0 = Release|x86
		{2971F9AE-1D96-40C3-948E-8F407FE1C57A}.Debug|Any CPU.ActiveCfg = Debug|Any CPU
		{2971F9AE-1D96-40C3-948E-8F407FE1C57A}.Debug|Any CPU.Build.0 = Debug|Any CPU
		{2971F9AE-1D96-40C3-948E-8F407FE1C57A}.Debug|x64.ActiveCfg = Debug|x64
		{2971F9AE-1D96-40C3-948E-8F407FE1C57A}.Debug|x64.Build.0 = Debug|x64
		{2971F9AE-1D96-40C3-948E-8F407FE1C57A}.Debug|x86.ActiveCfg = Debug|x86
		{2971F9AE-1D96-40C3-948E-8F407FE1C57A}.Debug|x86.Build.0 = Debug|x86
		{2971F9AE-1D96-40C3-948E-8F407FE1C57A}.Release|Any CPU.ActiveCfg = Release|Any CPU
		{2971F9AE-1D96-40C3-948E-8F407FE1C57A}.Release|Any CPU.Build.0 = Release|Any CPU
		{2971F9AE-1D96-40C3-948E-8F407FE1C57A}.Release|x64.ActiveCfg = Release|x64
		{2971F9AE-1D96-40C3-948E-8F407FE1C57A}.Release|x64.Build.0 = Release|x64
		{2971F9AE-1D96-40C3-948E-8F407FE1C57A}.Release|x86.ActiveCfg = Release|x86
		{2971F9AE-1D96-40C3-948E-8F407FE1C57A}.Release|x86.Build.0 = Release|x86
		{CFD797F0-0ADA-4F36-8194-DCC05B965457}.Debug|Any CPU.ActiveCfg = Debug|Any CPU
		{CFD797F0-0ADA-4F36-8194-DCC05B965457}.Debug|Any CPU.Build.0 = Debug|Any CPU
		{CFD797F0-0ADA-4F36-8194-DCC05B965457}.Debug|x64.ActiveCfg = Debug|x64
		{CFD797F0-0ADA-4F36-8194-DCC05B965457}.Debug|x64.Build.0 = Debug|x64
		{CFD797F0-0ADA-4F36-8194-DCC05B965457}.Debug|x86.ActiveCfg = Debug|x86
		{CFD797F0-0ADA-4F36-8194-DCC05B965457}.Debug|x86.Build.0 = Debug|x86
		{CFD797F0-0ADA-4F36-8194-DCC05B965457}.Release|Any CPU.ActiveCfg = Release|Any CPU
		{CFD797F0-0ADA-4F36-8194-DCC05B965457}.Release|Any CPU.Build.0 = Release|Any CPU
		{CFD797F0-0ADA-4F36-8194-DCC05B965457}.Release|x64.ActiveCfg = Release|x64
		{CFD797F0-0ADA-4F36-8194-DCC05B965457}.Release|x64.Build.0 = Release|x64
		{CFD797F0-0ADA-4F36-8194-DCC05B965457}.Release|x86.ActiveCfg = Release|x86
		{CFD797F0-0ADA-4F36-8194-DCC05B965457}.Release|x86.Build.0 = Release|x86
	EndGlobalSection
	GlobalSection(SolutionProperties) = preSolution
		HideSolutionNode = FALSE
	EndGlobalSection
EndGlobal
